{
  "name": "smartkb-gpt",
  "version": "1.0.0",
  "lockfileVersion": 3,
  "requires": true,
  "packages": {
    "": {
      "name": "smartkb-gpt",
      "version": "1.0.0",
      "license": "ISC",
      "devDependencies": {
        "chromatic": "^10.0.0"
      }
    },
    "node_modules/chromatic": {
      "version": "10.0.0",
      "resolved": "https://registry.npmjs.org/chromatic/-/chromatic-10.0.0.tgz",
      "integrity": "sha512-RLU/Y0FdYVnPJIhm/gG3CSJO1hKg2O/nvfutyWT88Tg2o4aIGqSrQKCBiAUAHKrQKpfF+9Dvn/oHRTPtRcinHA==",
      "dev": true,
      "bin": {
        "chroma": "dist/bin.js",
        "chromatic": "dist/bin.js",
        "chromatic-cli": "dist/bin.js"
      }
    }
  }
}
